
Microsoft Visual Studio Solution File, Format Version 12.00
# Visual Studio 2013
VisualStudioVersion = 12.0.30501.0
MinimumVisualStudioVersion = 10.0.40219.1
Project("{2150E333-8FDC-42A3-9474-1A3956D46DE8}") = "Engine", "Engine", "{317F7007-F81B-4CC7-ADDA-C7830572FE53}"
EndProject
Project("{2150E333-8FDC-42A3-9474-1A3956D46DE8}") = "Games", "Games", "{3619CAFF-0BA4-4F19-8706-B25B9FCE3FC7}"
EndProject
Project("{8BC9CEB8-8B4A-11D0-8D11-00A0C91BC942}") = "Game", "Intermediate\ProjectFiles\Game.vcxproj", "{E767FF71-558C-4241-ACC7-6D8480DAE125}"
EndProject
Project("{8BC9CEB8-8B4A-11D0-8D11-00A0C91BC942}") = "UE4", "Intermediate\ProjectFiles\UE4.vcxproj", "{F7833D76-6D68-4E0E-98A3-8778DD9F21E2}"
EndProject
Global
	GlobalSection(SolutionConfigurationPlatforms) = preSolution
		DebugGame Editor|Windows = DebugGame Editor|Windows
		DebugGame|Windows = DebugGame|Windows
		Development Editor|Windows = Development Editor|Windows
		Development|Windows = Development|Windows
		Shipping|Windows = Shipping|Windows
	EndGlobalSection
	GlobalSection(ProjectConfigurationPlatforms) = postSolution
		{E767FF71-558C-4241-ACC7-6D8480DAE125}.DebugGame Editor|Windows.ActiveCfg = DebugGame_Editor|x64
		{E767FF71-558C-4241-ACC7-6D8480DAE125}.DebugGame Editor|Windows.Build.0 = DebugGame_Editor|x64
		{E767FF71-558C-4241-ACC7-6D8480DAE125}.DebugGame|Windows.ActiveCfg = DebugGame_Game|x64
		{E767FF71-558C-4241-ACC7-6D8480DAE125}.DebugGame|Windows.Build.0 = DebugGame_Game|x64
		{E767FF71-558C-4241-ACC7-6D8480DAE125}.Development Editor|Windows.ActiveCfg = Development_Editor|x64
		{E767FF71-558C-4241-ACC7-6D8480DAE125}.Development Editor|Windows.Build.0 = Development_Editor|x64
		{E767FF71-558C-4241-ACC7-6D8480DAE125}.Development|Windows.ActiveCfg = Development_Game|x64
		{E767FF71-558C-4241-ACC7-6D8480DAE125}.Development|Windows.Build.0 = Development_Game|x64
		{E767FF71-558C-4241-ACC7-6D8480DAE125}.Shipping|Windows.ActiveCfg = Shipping_Game|Win32
		{E767FF71-558C-4241-ACC7-6D8480DAE125}.Shipping|Windows.Build.0 = Shipping_Game|Win32
		{F7833D76-6D68-4E0E-98A3-8778DD9F21E2}.DebugGame Editor|Windows.ActiveCfg = BuiltWithUnrealBuildTool|Win32
		{F7833D76-6D68-4E0E-98A3-8778DD9F21E2}.DebugGame|Windows.ActiveCfg = BuiltWithUnrealBuildTool|Win32
		{F7833D76-6D68-4E0E-98A3-8778DD9F21E2}.Development Editor|Windows.ActiveCfg = BuiltWithUnrealBuildTool|Win32
		{F7833D76-6D68-4E0E-98A3-8778DD9F21E2}.Development|Windows.ActiveCfg = BuiltWithUnrealBuildTool|Win32
		{F7833D76-6D68-4E0E-98A3-8778DD9F21E2}.Shipping|Windows.ActiveCfg = BuiltWithUnrealBuildTool|Win32
	EndGlobalSection
	GlobalSection(SolutionProperties) = preSolution
		HideSolutionNode = FALSE
	EndGlobalSection
	GlobalSection(NestedProjects) = preSolution
		{E767FF71-558C-4241-ACC7-6D8480DAE125} = {3619CAFF-0BA4-4F19-8706-B25B9FCE3FC7}
		{F7833D76-6D68-4E0E-98A3-8778DD9F21E2} = {317F7007-F81B-4CC7-ADDA-C7830572FE53}
	EndGlobalSection
EndGlobal
